
Microsoft Visual Studio Solution File, Format Version 12.00
# Visual Studio Version 17
VisualStudioVersion = 17.0.31903.59
MinimumVisualStudioVersion = 10.0.40219.1
Project("{FAE04EC0-301F-11D3-BF4B-00C04F79EFBC}") = "Pressure-Monitor", "Pressure-Monitor\Pressure-Monitor.csproj", "{33B89EB6-738E-4A87-A5F9-1B7D11533EB3}"
EndProject
Project("{FAE04EC0-301F-11D3-BF4B-00C04F79EFBC}") = "Pressure-Monitor.Installer", "./Pressure-Monitor.Installer/Pressure-Monitor.Installer.csproj", "{37B316C8-FD95-4AA7-9DDF-2C840CCF2322}"
EndProject
Global
	GlobalSection(SolutionConfigurationPlatforms) = preSolution
		Debug|Any CPU = Debug|Any CPU
		Release|Any CPU = Release|Any CPU
	EndGlobalSection
	GlobalSection(SolutionProperties) = preSolution
		HideSolutionNode = FALSE
	EndGlobalSection
	GlobalSection(ProjectConfigurationPlatforms) = postSolution
		{33B89EB6-738E-4A87-A5F9-1B7D11533EB3}.Debug|Any CPU.ActiveCfg = Debug|Any CPU
		{33B89EB6-738E-4A87-A5F9-1B7D11533EB3}.Debug|Any CPU.Build.0 = Debug|Any CPU
		{33B89EB6-738E-4A87-A5F9-1B7D11533EB3}.Release|Any CPU.ActiveCfg = Release|Any CPU
		{33B89EB6-738E-4A87-A5F9-1B7D11533EB3}.Release|Any CPU.Build.0 = Release|Any CPU
		{37B316C8-FD95-4AA7-9DDF-2C840CCF2322}.Debug|Any CPU.ActiveCfg = Debug|Any CPU
		{37B316C8-FD95-4AA7-9DDF-2C840CCF2322}.Debug|Any CPU.Build.0 = Debug|Any CPU
		{37B316C8-FD95-4AA7-9DDF-2C840CCF2322}.Release|Any CPU.ActiveCfg = Release|Any CPU
		{37B316C8-FD95-4AA7-9DDF-2C840CCF2322}.Release|Any CPU.Build.0 = Release|Any CPU
	EndGlobalSection
EndGlobal
